
Microsoft Visual Studio Solution File, Format Version 12.00
# Visual Studio Version 17
VisualStudioVersion = 17.6.33815.320
MinimumVisualStudioVersion = 10.0.40219.1
Project("{FAE04EC0-301F-11D3-BF4B-00C04F79EFBC}") = "OnlineShop.API", "OnlineShop.API\OnlineShop.API.csproj", "{46226F92-D6F7-43E3-A117-06232AB5BF99}"
EndProject
Project("{FAE04EC0-301F-11D3-BF4B-00C04F79EFBC}") = "OnlineShop.Client", "OnlineShop.Client\OnlineShop.Client.csproj", "{C3A2E5B3-076D-4156-8975-483B353FC591}"
EndProject
Global
	GlobalSection(SolutionConfigurationPlatforms) = preSolution
		Debug|Any CPU = Debug|Any CPU
		Release|Any CPU = Release|Any CPU
	EndGlobalSection
	GlobalSection(ProjectConfigurationPlatforms) = postSolution
		{46226F92-D6F7-43E3-A117-06232AB5BF99}.Debug|Any CPU.ActiveCfg = Debug|Any CPU
		{46226F92-D6F7-43E3-A117-06232AB5BF99}.Debug|Any CPU.Build.0 = Debug|Any CPU
		{46226F92-D6F7-43E3-A117-06232AB5BF99}.Release|Any CPU.ActiveCfg = Release|Any CPU
		{46226F92-D6F7-43E3-A117-06232AB5BF99}.Release|Any CPU.Build.0 = Release|Any CPU
		{C3A2E5B3-076D-4156-8975-483B353FC591}.Debug|Any CPU.ActiveCfg = Debug|Any CPU
		{C3A2E5B3-076D-4156-8975-483B353FC591}.Debug|Any CPU.Build.0 = Debug|Any CPU
		{C3A2E5B3-076D-4156-8975-483B353FC591}.Release|Any CPU.ActiveCfg = Release|Any CPU
		{C3A2E5B3-076D-4156-8975-483B353FC591}.Release|Any CPU.Build.0 = Release|Any CPU
	EndGlobalSection
	GlobalSection(SolutionProperties) = preSolution
		HideSolutionNode = FALSE
	EndGlobalSection
	GlobalSection(ExtensibilityGlobals) = postSolution
		SolutionGuid = {2DC98942-173C-48D4-80F8-00CAC22A6AA5}
	EndGlobalSection
EndGlobal
